
Microsoft Visual Studio Solution File, Format Version 12.00
# Visual Studio Version 16
VisualStudioVersion = 16.0.30523.141
MinimumVisualStudioVersion = 10.0.40219.1
Project("{FAE04EC0-301F-11D3-BF4B-00C04F79EFBC}") = "Final-project_Limak.az", "Final-project_Limak.az.csproj", "{BD064D39-1DC2-4ECD-A2F6-386AC80DFD9C}"
EndProject
Global
	GlobalSection(SolutionConfigurationPlatforms) = preSolution
		Debug|Any CPU = Debug|Any CPU
		Release|Any CPU = Release|Any CPU
	EndGlobalSection
	GlobalSection(ProjectConfigurationPlatforms) = postSolution
		{BD064D39-1DC2-4ECD-A2F6-386AC80DFD9C}.Debug|Any CPU.ActiveCfg = Debug|Any CPU
		{BD064D39-1DC2-4ECD-A2F6-386AC80DFD9C}.Debug|Any CPU.Build.0 = Debug|Any CPU
		{BD064D39-1DC2-4ECD-A2F6-386AC80DFD9C}.Release|Any CPU.ActiveCfg = Release|Any CPU
		{BD064D39-1DC2-4ECD-A2F6-386AC80DFD9C}.Release|Any CPU.Build.0 = Release|Any CPU
	EndGlobalSection
	GlobalSection(SolutionProperties) = preSolution
		HideSolutionNode = FALSE
	EndGlobalSection
	GlobalSection(ExtensibilityGlobals) = postSolution
		SolutionGuid = {11552C0F-3E06-4AA4-BBE3-371C1EB4E8EB}
	EndGlobalSection
EndGlobal
